// !$*UTF8*$!
{
	archiveVersion = 1;
	classes = {
	};
	objectVersion = 46;
	objects = {

/* Begin PBXBuildFile section */
		3A0F5C941839D95D0050CAB1 /* 1.jpg in Resources */ = {isa = PBXBuildFile; fileRef = 3A0F5C8E1839D95D0050CAB1 /* 1.jpg */; };
		3A0F5C951839D95D0050CAB1 /* 2.jpg in Resources */ = {isa = PBXBuildFile; fileRef = 3A0F5C8F1839D95D0050CAB1 /* 2.jpg */; };
		3A0F5C961839D95D0050CAB1 /* 3.jpg in Resources */ = {isa = PBXBuildFile; fileRef = 3A0F5C901839D95D0050CAB1 /* 3.jpg */; };
		3A0F5C971839D95D0050CAB1 /* 4.jpg in Resources */ = {isa = PBXBuildFile; fileRef = 3A0F5C911839D95D0050CAB1 /* 4.jpg */; };
		3A0F5C981839D95D0050CAB1 /* 5.jpg in Resources */ = {isa = PBXBuildFile; fileRef = 3A0F5C921839D95D0050CAB1 /* 5.jpg */; };
		3A0F5C991839D95D0050CAB1 /* title.jpg in Resources */ = {isa = PBXBuildFile; fileRef = 3A0F5C931839D95D0050CAB1 /* title.jpg */; };
		3A0F5C9B1839D9670050CAB1 /* index.html in Resources */ = {isa = PBXBuildFile; fileRef = 3A0F5C9A1839D9670050CAB1 /* index.html */; };
		3A414F0E17C47A13007E471A /* com_amakusawebPlaySineWaves.m in Sources */ = {isa = PBXBuildFile; fileRef = 3A414F0D17C47A13007E471A /* com_amakusawebPlaySineWaves.m */; };
		3A414F1017C47D38007E471A /* AudioToolbox.framework in Frameworks */ = {isa = PBXBuildFile; fileRef = 3A414F0F17C47D38007E471A /* AudioToolbox.framework */; };
		3A99A13817F539350084F607 /* iAd.framework in Frameworks */ = {isa = PBXBuildFile; fileRef = 3A99A13717F539350084F607 /* iAd.framework */; };
		3ACF912F17F29AF500AD9200 /* Images.xcassets in Resources */ = {isa = PBXBuildFile; fileRef = 3ACF912E17F29AF500AD9200 /* Images.xcassets */; };
		3ACFFD0D17FBD52C0013D122 /* com.amakusawebhelpViewController.m in Sources */ = {isa = PBXBuildFile; fileRef = 3ACFFD0C17FBD52C0013D122 /* com.amakusawebhelpViewController.m */; };
		3AEC119817C33FBE00EFAE28 /* UIKit.framework in Frameworks */ = {isa = PBXBuildFile; fileRef = 3AEC119717C33FBE00EFAE28 /* UIKit.framework */; };
		3AEC119A17C33FBE00EFAE28 /* Foundation.framework in Frameworks */ = {isa = PBXBuildFile; fileRef = 3AEC119917C33FBE00EFAE28 /* Foundation.framework */; };
		3AEC119C17C33FBE00EFAE28 /* CoreGraphics.framework in Frameworks */ = {isa = PBXBuildFile; fileRef = 3AEC119B17C33FBE00EFAE28 /* CoreGraphics.framework */; };
		3AEC11A217C33FBE00EFAE28 /* InfoPlist.strings in Resources */ = {isa = PBXBuildFile; fileRef = 3AEC11A017C33FBE00EFAE28 /* InfoPlist.strings */; };
		3AEC11A417C33FBE00EFAE28 /* main.m in Sources */ = {isa = PBXBuildFile; fileRef = 3AEC11A317C33FBE00EFAE28 /* main.m */; };
		3AEC11A817C33FBF00EFAE28 /* com_amakusawebAppDelegate.m in Sources */ = {isa = PBXBuildFile; fileRef = 3AEC11A717C33FBF00EFAE28 /* com_amakusawebAppDelegate.m */; };
		3AEC11B117C33FBF00EFAE28 /* MainStoryboard.storyboard in Resources */ = {isa = PBXBuildFile; fileRef = 3AEC11AF17C33FBF00EFAE28 /* MainStoryboard.storyboard */; };
		3AEC11B417C33FBF00EFAE28 /* com_amakusawebFirstViewController.m in Sources */ = {isa = PBXBuildFile; fileRef = 3AEC11B317C33FBF00EFAE28 /* com_amakusawebFirstViewController.m */; };
		3AFC77E617E8064900C15C46 /* Accelerate.framework in Frameworks */ = {isa = PBXBuildFile; fileRef = 3AFC77E517E8064900C15C46 /* Accelerate.framework */; };
/* End PBXBuildFile section */

/* Begin PBXFileReference section */
		3A0F5C8E1839D95D0050CAB1 /* 1.jpg */ = {isa = PBXFileReference; lastKnownFileType = image.jpeg; path = 1.jpg; sourceTree = "<group>"; };
		3A0F5C8F1839D95D0050CAB1 /* 2.jpg */ = {isa = PBXFileReference; lastKnownFileType = image.jpeg; path = 2.jpg; sourceTree = "<group>"; };
		3A0F5C901839D95D0050CAB1 /* 3.jpg */ = {isa = PBXFileReference; lastKnownFileType = image.jpeg; path = 3.jpg; sourceTree = "<group>"; };
		3A0F5C911839D95D0050CAB1 /* 4.jpg */ = {isa = PBXFileReference; lastKnownFileType = image.jpeg; path = 4.jpg; sourceTree = "<group>"; };
		3A0F5C921839D95D0050CAB1 /* 5.jpg */ = {isa = PBXFileReference; lastKnownFileType = image.jpeg; path = 5.jpg; sourceTree = "<group>"; };
		3A0F5C931839D95D0050CAB1 /* title.jpg */ = {isa = PBXFileReference; lastKnownFileType = image.jpeg; path = title.jpg; sourceTree = "<group>"; };
		3A0F5C9A1839D9670050CAB1 /* index.html */ = {isa = PBXFileReference; fileEncoding = 4; lastKnownFileType = text.html; path = index.html; sourceTree = "<group>"; };
		3A414F0C17C47A13007E471A /* com_amakusawebPlaySineWaves.h */ = {isa = PBXFileReference; fileEncoding = 4; lastKnownFileType = sourcecode.c.h; path = com_amakusawebPlaySineWaves.h; sourceTree = "<group>"; };
		3A414F0D17C47A13007E471A /* com_amakusawebPlaySineWaves.m */ = {isa = PBXFileReference; fileEncoding = 4; lastKnownFileType = sourcecode.c.objc; path = com_amakusawebPlaySineWaves.m; sourceTree = "<group>"; };
		3A414F0F17C47D38007E471A /* AudioToolbox.framework */ = {isa = PBXFileReference; lastKnownFileType = wrapper.framework; name = AudioToolbox.framework; path = System/Library/Frameworks/AudioToolbox.framework; sourceTree = SDKROOT; };
		3A99A13717F539350084F607 /* iAd.framework */ = {isa = PBXFileReference; lastKnownFileType = wrapper.framework; name = iAd.framework; path = System/Library/Frameworks/iAd.framework; sourceTree = SDKROOT; };
		3ACF912E17F29AF500AD9200 /* Images.xcassets */ = {isa = PBXFileReference; lastKnownFileType = folder.assetcatalog; path = Images.xcassets; sourceTree = "<group>"; };
		3ACFFD0B17FBD52C0013D122 /* com.amakusawebhelpViewController.h */ = {isa = PBXFileReference; fileEncoding = 4; lastKnownFileType = sourcecode.c.h; name = com.amakusawebhelpViewController.h; path = ../com.amakusawebhelpViewController.h; sourceTree = "<group>"; };
		3ACFFD0C17FBD52C0013D122 /* com.amakusawebhelpViewController.m */ = {isa = PBXFileReference; fileEncoding = 4; lastKnownFileType = sourcecode.c.objc; name = com.amakusawebhelpViewController.m; path = ../com.amakusawebhelpViewController.m; sourceTree = "<group>"; };
		3AD5243217FD2F64004A9054 /* Base */ = {isa = PBXFileReference; lastKnownFileType = file.storyboard; name = Base; path = Base.lproj/MainStoryboard.storyboard; sourceTree = "<group>"; };
		3AD8964A17F9810C001E17C1 /* ja */ = {isa = PBXFileReference; lastKnownFileType = file.storyboard; name = ja; path = ja.lproj/MainStoryboard.storyboard; sourceTree = "<group>"; };
		3AD8964B17F9810C001E17C1 /* ja */ = {isa = PBXFileReference; lastKnownFileType = text.plist.strings; name = ja; path = ja.lproj/InfoPlist.strings; sourceTree = "<group>"; };
		3AEC119417C33FBE00EFAE28 /* TuningTone.app */ = {isa = PBXFileReference; explicitFileType = wrapper.application; includeInIndex = 0; path = TuningTone.app; sourceTree = BUILT_PRODUCTS_DIR; };
		3AEC119717C33FBE00EFAE28 /* UIKit.framework */ = {isa = PBXFileReference; lastKnownFileType = wrapper.framework; name = UIKit.framework; path = System/Library/Frameworks/UIKit.framework; sourceTree = SDKROOT; };
		3AEC119917C33FBE00EFAE28 /* Foundation.framework */ = {isa = PBXFileReference; lastKnownFileType = wrapper.framework; name = Foundation.framework; path = System/Library/Frameworks/Foundation.framework; sourceTree = SDKROOT; };
		3AEC119B17C33FBE00EFAE28 /* CoreGraphics.framework */ = {isa = PBXFileReference; lastKnownFileType = wrapper.framework; name = CoreGraphics.framework; path = System/Library/Frameworks/CoreGraphics.framework; sourceTree = SDKROOT; };
		3AEC119F17C33FBE00EFAE28 /* TuningTone-Info.plist */ = {isa = PBXFileReference; lastKnownFileType = text.plist.xml; path = "TuningTone-Info.plist"; sourceTree = "<group>"; };
		3AEC11A117C33FBE00EFAE28 /* en */ = {isa = PBXFileReference; lastKnownFileType = text.plist.strings; name = en; path = en.lproj/InfoPlist.strings; sourceTree = "<group>"; };
		3AEC11A317C33FBE00EFAE28 /* main.m */ = {isa = PBXFileReference; lastKnownFileType = sourcecode.c.objc; path = main.m; sourceTree = "<group>"; };
		3AEC11A517C33FBE00EFAE28 /* TuningTone-Prefix.pch */ = {isa = PBXFileReference; lastKnownFileType = sourcecode.c.h; path = "TuningTone-Prefix.pch"; sourceTree = "<group>"; };
		3AEC11A617C33FBE00EFAE28 /* com_amakusawebAppDelegate.h */ = {isa = PBXFileReference; lastKnownFileType = sourcecode.c.h; path = com_amakusawebAppDelegate.h; sourceTree = "<group>"; };
		3AEC11A717C33FBF00EFAE28 /* com_amakusawebAppDelegate.m */ = {isa = PBXFileReference; lastKnownFileType = sourcecode.c.objc; path = com_amakusawebAppDelegate.m; sourceTree = "<group>"; };
		3AEC11B217C33FBF00EFAE28 /* com_amakusawebFirstViewController.h */ = {isa = PBXFileReference; lastKnownFileType = sourcecode.c.h; path = com_amakusawebFirstViewController.h; sourceTree = "<group>"; };
		3AEC11B317C33FBF00EFAE28 /* com_amakusawebFirstViewController.m */ = {isa = PBXFileReference; lastKnownFileType = sourcecode.c.objc; path = com_amakusawebFirstViewController.m; sourceTree = "<group>"; };
		3AFC77E517E8064900C15C46 /* Accelerate.framework */ = {isa = PBXFileReference; lastKnownFileType = wrapper.framework; name = Accelerate.framework; path = System/Library/Frameworks/Accelerate.framework; sourceTree = SDKROOT; };
/* End PBXFileReference section */

/* Begin PBXFrameworksBuildPhase section */
		3AEC119117C33FBE00EFAE28 /* Frameworks */ = {
			isa = PBXFrameworksBuildPhase;
			buildActionMask = 2147483647;
			files = (
				3A99A13817F539350084F607 /* iAd.framework in Frameworks */,
				3AFC77E617E8064900C15C46 /* Accelerate.framework in Frameworks */,
				3A414F1017C47D38007E471A /* AudioToolbox.framework in Frameworks */,
				3AEC119817C33FBE00EFAE28 /* UIKit.framework in Frameworks */,
				3AEC119A17C33FBE00EFAE28 /* Foundation.framework in Frameworks */,
				3AEC119C17C33FBE00EFAE28 /* CoreGraphics.framework in Frameworks */,
			);
			runOnlyForDeploymentPostprocessing = 0;
		};
/* End PBXFrameworksBuildPhase section */

/* Begin PBXGroup section */
		3ACFFD0E17FBD8660013D122 /* images */ = {
			isa = PBXGroup;
			children = (
				3A0F5C8E1839D95D0050CAB1 /* 1.jpg */,
				3A0F5C8F1839D95D0050CAB1 /* 2.jpg */,
				3A0F5C901839D95D0050CAB1 /* 3.jpg */,
				3A0F5C911839D95D0050CAB1 /* 4.jpg */,
				3A0F5C921839D95D0050CAB1 /* 5.jpg */,
				3A0F5C931839D95D0050CAB1 /* title.jpg */,
			);
			name = images;
			path = ViolinTraner4/images;
			sourceTree = "<group>";
		};
		3ACFFD1D17FBD8A30013D122 /* help */ = {
			isa = PBXGroup;
			children = (
				3A0F5C9A1839D9670050CAB1 /* index.html */,
				3ACFFD0E17FBD8660013D122 /* images */,
			);
			name = help;
			path = ..;
			sourceTree = "<group>";
		};
		3AEC118B17C33FBE00EFAE28 = {
			isa = PBXGroup;
			children = (
				3AEC119D17C33FBE00EFAE28 /* ViolinTraner4 */,
				3AEC119617C33FBE00EFAE28 /* Frameworks */,
				3AEC119517C33FBE00EFAE28 /* Products */,
				3AEC119E17C33FBE00EFAE28 /* Supporting Files */,
			);
			sourceTree = "<group>";
		};
		3AEC119517C33FBE00EFAE28 /* Products */ = {
			isa = PBXGroup;
			children = (
				3AEC119417C33FBE00EFAE28 /* TuningTone.app */,
			);
			name = Products;
			sourceTree = "<group>";
		};
		3AEC119617C33FBE00EFAE28 /* Frameworks */ = {
			isa = PBXGroup;
			children = (
				3A99A13717F539350084F607 /* iAd.framework */,
				3AFC77E517E8064900C15C46 /* Accelerate.framework */,
				3A414F0F17C47D38007E471A /* AudioToolbox.framework */,
				3AEC119717C33FBE00EFAE28 /* UIKit.framework */,
				3AEC119917C33FBE00EFAE28 /* Foundation.framework */,
				3AEC119B17C33FBE00EFAE28 /* CoreGraphics.framework */,
			);
			name = Frameworks;
			sourceTree = "<group>";
		};
		3AEC119D17C33FBE00EFAE28 /* ViolinTraner4 */ = {
			isa = PBXGroup;
			children = (
				3AEC11AF17C33FBF00EFAE28 /* MainStoryboard.storyboard */,
				3AEC11B217C33FBF00EFAE28 /* com_amakusawebFirstViewController.h */,
				3AEC11B317C33FBF00EFAE28 /* com_amakusawebFirstViewController.m */,
				3ACFFD0B17FBD52C0013D122 /* com.amakusawebhelpViewController.h */,
				3ACFFD0C17FBD52C0013D122 /* com.amakusawebhelpViewController.m */,
				3A414F0C17C47A13007E471A /* com_amakusawebPlaySineWaves.h */,
				3A414F0D17C47A13007E471A /* com_amakusawebPlaySineWaves.m */,
				3AEC11A617C33FBE00EFAE28 /* com_amakusawebAppDelegate.h */,
				3AEC11A717C33FBF00EFAE28 /* com_amakusawebAppDelegate.m */,
				3ACF912E17F29AF500AD9200 /* Images.xcassets */,
			);
			path = ViolinTraner4;
			sourceTree = "<group>";
		};
		3AEC119E17C33FBE00EFAE28 /* Supporting Files */ = {
			isa = PBXGroup;
			children = (
				3AEC11A017C33FBE00EFAE28 /* InfoPlist.strings */,
				3AEC119F17C33FBE00EFAE28 /* TuningTone-Info.plist */,
				3AEC11A317C33FBE00EFAE28 /* main.m */,
				3AEC11A517C33FBE00EFAE28 /* TuningTone-Prefix.pch */,
				3ACFFD1D17FBD8A30013D122 /* help */,
			);
			name = "Supporting Files";
			path = ViolinTraner4;
			sourceTree = "<group>";
		};
/* End PBXGroup section */

/* Begin PBXNativeTarget section */
		3AEC119317C33FBE00EFAE28 /* TuningTone */ = {
			isa = PBXNativeTarget;
			buildConfigurationList = 3AEC11C217C33FBF00EFAE28 /* Build configuration list for PBXNativeTarget "TuningTone" */;
			buildPhases = (
				3AEC119017C33FBE00EFAE28 /* Sources */,
				3AEC119117C33FBE00EFAE28 /* Frameworks */,
				3AEC119217C33FBE00EFAE28 /* Resources */,
			);
			buildRules = (
			);
			dependencies = (
			);
			name = TuningTone;
			productName = ViolinTraner4;
			productReference = 3AEC119417C33FBE00EFAE28 /* TuningTone.app */;
			productType = "com.apple.product-type.application";
		};
/* End PBXNativeTarget section */

/* Begin PBXProject section */
		3AEC118C17C33FBE00EFAE28 /* Project object */ = {
			isa = PBXProject;
			attributes = {
				CLASSPREFIX = com.amakusaweb;
				LastUpgradeCheck = 0460;
				ORGANIZATIONNAME = "MAKOTO OKABE";
				TargetAttributes = {
					3AEC119317C33FBE00EFAE28 = {
						DevelopmentTeam = 4KG7L4RN6D;
					};
				};
			};
			buildConfigurationList = 3AEC118F17C33FBE00EFAE28 /* Build configuration list for PBXProject "TuningTone" */;
			compatibilityVersion = "Xcode 3.2";
			developmentRegion = English;
			hasScannedForEncodings = 0;
			knownRegions = (
				en,
				ja,
				Base,
			);
			mainGroup = 3AEC118B17C33FBE00EFAE28;
			productRefGroup = 3AEC119517C33FBE00EFAE28 /* Products */;
			projectDirPath = "";
			projectRoot = "";
			targets = (
				3AEC119317C33FBE00EFAE28 /* TuningTone */,
			);
		};
/* End PBXProject section */

/* Begin PBXResourcesBuildPhase section */
		3AEC119217C33FBE00EFAE28 /* Resources */ = {
			isa = PBXResourcesBuildPhase;
			buildActionMask = 2147483647;
			files = (
				3A0F5C971839D95D0050CAB1 /* 4.jpg in Resources */,
				3A0F5C951839D95D0050CAB1 /* 2.jpg in Resources */,
				3AEC11A217C33FBE00EFAE28 /* InfoPlist.strings in Resources */,
				3A0F5C981839D95D0050CAB1 /* 5.jpg in Resources */,
				3A0F5C991839D95D0050CAB1 /* title.jpg in Resources */,
				3A0F5C9B1839D9670050CAB1 /* index.html in Resources */,
				3ACF912F17F29AF500AD9200 /* Images.xcassets in Resources */,
				3AEC11B117C33FBF00EFAE28 /* MainStoryboard.storyboard in Resources */,
				3A0F5C961839D95D0050CAB1 /* 3.jpg in Resources */,
				3A0F5C941839D95D0050CAB1 /* 1.jpg in Resources */,
			);
			runOnlyForDeploymentPostprocessing = 0;
		};
/* End PBXResourcesBuildPhase section */

/* Begin PBXSourcesBuildPhase section */
		3AEC119017C33FBE00EFAE28 /* Sources */ = {
			isa = PBXSourcesBuildPhase;
			buildActionMask = 2147483647;
			files = (
				3AEC11A417C33FBE00EFAE28 /* main.m in Sources */,
				3AEC11A817C33FBF00EFAE28 /* com_amakusawebAppDelegate.m in Sources */,
				3AEC11B417C33FBF00EFAE28 /* com_amakusawebFirstViewController.m in Sources */,
				3ACFFD0D17FBD52C0013D122 /* com.amakusawebhelpViewController.m in Sources */,
				3A414F0E17C47A13007E471A /* com_amakusawebPlaySineWaves.m in Sources */,
			);
			runOnlyForDeploymentPostprocessing = 0;
		};
/* End PBXSourcesBuildPhase section */

/* Begin PBXVariantGroup section */
		3AEC11A017C33FBE00EFAE28 /* InfoPlist.strings */ = {
			isa = PBXVariantGroup;
			children = (
				3AEC11A117C33FBE00EFAE28 /* en */,
				3AD8964B17F9810C001E17C1 /* ja */,
			);
			name = InfoPlist.strings;
			sourceTree = "<group>";
		};
		3AEC11AF17C33FBF00EFAE28 /* MainStoryboard.storyboard */ = {
			isa = PBXVariantGroup;
			children = (
				3AD8964A17F9810C001E17C1 /* ja */,
				3AD5243217FD2F64004A9054 /* Base */,
			);
			name = MainStoryboard.storyboard;
			sourceTree = "<group>";
		};
/* End PBXVariantGroup section */

/* Begin XCBuildConfiguration section */
		3AEC11C017C33FBF00EFAE28 /* Debug */ = {
			isa = XCBuildConfiguration;
			buildSettings = {
				ALWAYS_SEARCH_USER_PATHS = NO;
				CLANG_CXX_LANGUAGE_STANDARD = "gnu++0x";
				CLANG_CXX_LIBRARY = "libc++";
				CLANG_ENABLE_OBJC_ARC = YES;
				CLANG_WARN_CONSTANT_CONVERSION = YES;
				CLANG_WARN_EMPTY_BODY = YES;
				CLANG_WARN_ENUM_CONVERSION = YES;
				CLANG_WARN_INT_CONVERSION = YES;
				CLANG_WARN__DUPLICATE_METHOD_MATCH = YES;
				"CODE_SIGN_IDENTITY[sdk=*]" = "iPhone Developer";
				COPY_PHASE_STRIP = NO;
				GCC_C_LANGUAGE_STANDARD = gnu99;
				GCC_DYNAMIC_NO_PIC = NO;
				GCC_OPTIMIZATION_LEVEL = 0;
				GCC_PREPROCESSOR_DEFINITIONS = (
					"DEBUG=1",
					"$(inherited)",
				);
				GCC_SYMBOLS_PRIVATE_EXTERN = NO;
				GCC_WARN_ABOUT_RETURN_TYPE = YES;
				GCC_WARN_UNINITIALIZED_AUTOS = YES;
				GCC_WARN_UNUSED_VARIABLE = YES;
				IPHONEOS_DEPLOYMENT_TARGET = 6.1;
				ONLY_ACTIVE_ARCH = YES;
				SDKROOT = iphoneos;
			};
			name = Debug;
		};
		3AEC11C117C33FBF00EFAE28 /* Release */ = {
			isa = XCBuildConfiguration;
			buildSettings = {
				ALWAYS_SEARCH_USER_PATHS = NO;
				CLANG_CXX_LANGUAGE_STANDARD = "gnu++0x";
				CLANG_CXX_LIBRARY = "libc++";
				CLANG_ENABLE_OBJC_ARC = YES;
				CLANG_WARN_CONSTANT_CONVERSION = YES;
				CLANG_WARN_EMPTY_BODY = YES;
				CLANG_WARN_ENUM_CONVERSION = YES;
				CLANG_WARN_INT_CONVERSION = YES;
				CLANG_WARN__DUPLICATE_METHOD_MATCH = YES;
				"CODE_SIGN_IDENTITY[sdk=*]" = "iPhone Developer";
				COPY_PHASE_STRIP = YES;
				GCC_C_LANGUAGE_STANDARD = gnu99;
				GCC_WARN_ABOUT_RETURN_TYPE = YES;
				GCC_WARN_UNINITIALIZED_AUTOS = YES;
				GCC_WARN_UNUSED_VARIABLE = YES;
				IPHONEOS_DEPLOYMENT_TARGET = 6.1;
				OTHER_CFLAGS = "-DNS_BLOCK_ASSERTIONS=1";
				"PROVISIONING_PROFILE[sdk=*]" = "TuningTone provisioning";
				SDKROOT = iphoneos;
				VALIDATE_PRODUCT = YES;
			};
			name = Release;
		};
		3AEC11C317C33FBF00EFAE28 /* Debug */ = {
			isa = XCBuildConfiguration;
			buildSettings = {
				ASSETCATALOG_COMPILER_APPICON_NAME = "AppIcon-1";
				ASSETCATALOG_COMPILER_LAUNCHIMAGE_NAME = "LaunchImage-1";
				CODE_SIGN_IDENTITY = "iPhone Developer";
				"CODE_SIGN_IDENTITY[sdk=iphoneos*]" = "iPhone Developer";
				GCC_PRECOMPILE_PREFIX_HEADER = YES;
				GCC_PREFIX_HEADER = "ViolinTraner4/TuningTone-Prefix.pch";
				INFOPLIST_FILE = "ViolinTraner4/TuningTone-Info.plist";
				IPHONEOS_DEPLOYMENT_TARGET = 6.1;
				ONLY_ACTIVE_ARCH = NO;
				PRODUCT_NAME = TuningTone;
				PROVISIONING_PROFILE = "";
				TARGETED_DEVICE_FAMILY = "1,2";
				WRAPPER_EXTENSION = app;
			};
			name = Debug;
		};
		3AEC11C417C33FBF00EFAE28 /* Release */ = {
			isa = XCBuildConfiguration;
			buildSettings = {
				ASSETCATALOG_COMPILER_APPICON_NAME = "AppIcon-1";
				ASSETCATALOG_COMPILER_LAUNCHIMAGE_NAME = "LaunchImage-1";
				CODE_SIGN_IDENTITY = "iPhone Developer";
				"CODE_SIGN_IDENTITY[sdk=*]" = "iPhone Developer";
				"CODE_SIGN_IDENTITY[sdk=iphoneos*]" = "iPhone Developer";
				GCC_PRECOMPILE_PREFIX_HEADER = YES;
				GCC_PREFIX_HEADER = "ViolinTraner4/TuningTone-Prefix.pch";
				INFOPLIST_FILE = "ViolinTraner4/TuningTone-Info.plist";
				IPHONEOS_DEPLOYMENT_TARGET = 6.1;
				PRODUCT_NAME = TuningTone;
				PROVISIONING_PROFILE = "";
				TARGETED_DEVICE_FAMILY = "1,2";
				WRAPPER_EXTENSION = app;
			};
			name = Release;
		};
/* End XCBuildConfiguration section */

/* Begin XCConfigurationList section */
		3AEC118F17C33FBE00EFAE28 /* Build configuration list for PBXProject "TuningTone" */ = {
			isa = XCConfigurationList;
			buildConfigurations = (
				3AEC11C017C33FBF00EFAE28 /* Debug */,
				3AEC11C117C33FBF00EFAE28 /* Release */,
			);
			defaultConfigurationIsVisible = 0;
			defaultConfigurationName = Release;
		};
		3AEC11C217C33FBF00EFAE28 /* Build configuration list for PBXNativeTarget "TuningTone" */ = {
			isa = XCConfigurationList;
			buildConfigurations = (
				3AEC11C317C33FBF00EFAE28 /* Debug */,
				3AEC11C417C33FBF00EFAE28 /* Release */,
			);
			defaultConfigurationIsVisible = 0;
			defaultConfigurationName = Release;
		};
/* End XCConfigurationList section */
	};
	rootObject = 3AEC118C17C33FBE00EFAE28 /* Project object */;
}
